# This file was autogenerated by Stack.
# You should not edit this file by hand.
# For more information, please see the documentation at:
#   https://docs.haskellstack.org/en/stable/topics/lock_files

packages: []
snapshots:
- completed:
    sha256: 59b24074ee1ea497b4268a6898a48b65faad6a461b680ae5043351d37c36a580
    size: 674333
    url: https://raw.githubusercontent.com/commercialhaskell/stackage-snapshots/master/nightly/2025/4/2.yaml
  original: nightly-2025-04-02
